
Microsoft Visual Studio Solution File, Format Version 12.00
# Visual Studio Version 17
VisualStudioVersion = 17.9.34723.18
MinimumVisualStudioVersion = 10.0.40219.1
Project("{FAE04EC0-301F-11D3-BF4B-00C04F79EFBC}") = "MongoDbAPI", "MongoDbAPI\MongoDbAPI.csproj", "{96371470-2FD5-4537-A7C4-B191D6D17622}"
EndProject
Global
	GlobalSection(SolutionConfigurationPlatforms) = preSolution
		Debug|Any CPU = Debug|Any CPU
		Release|Any CPU = Release|Any CPU
	EndGlobalSection
	GlobalSection(ProjectConfigurationPlatforms) = postSolution
		{96371470-2FD5-4537-A7C4-B191D6D17622}.Debug|Any CPU.ActiveCfg = Debug|Any CPU
		{96371470-2FD5-4537-A7C4-B191D6D17622}.Debug|Any CPU.Build.0 = Debug|Any CPU
		{96371470-2FD5-4537-A7C4-B191D6D17622}.Release|Any CPU.ActiveCfg = Release|Any CPU
		{96371470-2FD5-4537-A7C4-B191D6D17622}.Release|Any CPU.Build.0 = Release|Any CPU
	EndGlobalSection
	GlobalSection(SolutionProperties) = preSolution
		HideSolutionNode = FALSE
	EndGlobalSection
	GlobalSection(ExtensibilityGlobals) = postSolution
		SolutionGuid = {5F2AB641-FCD9-4E3D-A1DB-000C767F49BB}
	EndGlobalSection
EndGlobal
